# This file was autogenerated by Stack.
# You should not edit this file by hand.
# For more information, please see the documentation at:
#   https://docs.haskellstack.org/en/stable/lock_files

packages: []
snapshots:
- completed:
    size: 423622
    url: https://raw.githubusercontent.com/commercialhaskell/stackage-snapshots/master/lts/6/4.yaml
    sha256: 8461218a225558529e83a20a46aead7deaa618dcc71f82eeaa4c8eb4d32b8eaf
  original: lts-6.4
